// !$*UTF8*$!
{
	archiveVersion = 1;
	classes = {
	};
	objectVersion = 46;
	objects = {

/* Begin PBXBuildFile section */
		DBD21B651C61632C00901062 /* AppDelegate.swift in Sources */ = {isa = PBXBuildFile; fileRef = DBD21B641C61632C00901062 /* AppDelegate.swift */; };
		DBD21B671C61632C00901062 /* ViewController.swift in Sources */ = {isa = PBXBuildFile; fileRef = DBD21B661C61632C00901062 /* ViewController.swift */; };
		DBD21B6A1C61632C00901062 /* Main.storyboard in Resources */ = {isa = PBXBuildFile; fileRef = DBD21B681C61632C00901062 /* Main.storyboard */; };
		DBD21B6C1C61632C00901062 /* Assets.xcassets in Resources */ = {isa = PBXBuildFile; fileRef = DBD21B6B1C61632C00901062 /* Assets.xcassets */; };
		DBD21B6F1C61632C00901062 /* LaunchScreen.storyboard in Resources */ = {isa = PBXBuildFile; fileRef = DBD21B6D1C61632C00901062 /* LaunchScreen.storyboard */; };
		DBD21B771C61633E00901062 /* MapKit.framework in Frameworks */ = {isa = PBXBuildFile; fileRef = DBD21B761C61633E00901062 /* MapKit.framework */; };
		DBD21B791C616A3300901062 /* BusStop.swift in Sources */ = {isa = PBXBuildFile; fileRef = DBD21B781C616A3300901062 /* BusStop.swift */; };
		DBD21B7B1C6250F700901062 /* BusStopTableViewController.swift in Sources */ = {isa = PBXBuildFile; fileRef = DBD21B7A1C6250F700901062 /* BusStopTableViewController.swift */; };
/* End PBXBuildFile section */

/* Begin PBXFileReference section */
		DBD21B611C61632C00901062 /* GetOnThatBus.app */ = {isa = PBXFileReference; explicitFileType = wrapper.application; includeInIndex = 0; path = GetOnThatBus.app; sourceTree = BUILT_PRODUCTS_DIR; };
		DBD21B641C61632C00901062 /* AppDelegate.swift */ = {isa = PBXFileReference; lastKnownFileType = sourcecode.swift; path = AppDelegate.swift; sourceTree = "<group>"; };
		DBD21B661C61632C00901062 /* ViewController.swift */ = {isa = PBXFileReference; lastKnownFileType = sourcecode.swift; path = ViewController.swift; sourceTree = "<group>"; };
		DBD21B691C61632C00901062 /* Base */ = {isa = PBXFileReference; lastKnownFileType = file.storyboard; name = Base; path = Base.lproj/Main.storyboard; sourceTree = "<group>"; };
		DBD21B6B1C61632C00901062 /* Assets.xcassets */ = {isa = PBXFileReference; lastKnownFileType = folder.assetcatalog; path = Assets.xcassets; sourceTree = "<group>"; };
		DBD21B6E1C61632C00901062 /* Base */ = {isa = PBXFileReference; lastKnownFileType = file.storyboard; name = Base; path = Base.lproj/LaunchScreen.storyboard; sourceTree = "<group>"; };
		DBD21B701C61632C00901062 /* Info.plist */ = {isa = PBXFileReference; lastKnownFileType = text.plist.xml; path = Info.plist; sourceTree = "<group>"; };
		DBD21B761C61633E00901062 /* MapKit.framework */ = {isa = PBXFileReference; lastKnownFileType = wrapper.framework; name = MapKit.framework; path = System/Library/Frameworks/MapKit.framework; sourceTree = SDKROOT; };
		DBD21B781C616A3300901062 /* BusStop.swift */ = {isa = PBXFileReference; fileEncoding = 4; lastKnownFileType = sourcecode.swift; path = BusStop.swift; sourceTree = "<group>"; };
		DBD21B7A1C6250F700901062 /* BusStopTableViewController.swift */ = {isa = PBXFileReference; fileEncoding = 4; lastKnownFileType = sourcecode.swift; path = BusStopTableViewController.swift; sourceTree = "<group>"; };
/* End PBXFileReference section */

/* Begin PBXFrameworksBuildPhase section */
		DBD21B5E1C61632C00901062 /* Frameworks */ = {
			isa = PBXFrameworksBuildPhase;
			buildActionMask = 2147483647;
			files = (
				DBD21B771C61633E00901062 /* MapKit.framework in Frameworks */,
			);
			runOnlyForDeploymentPostprocessing = 0;
		};
/* End PBXFrameworksBuildPhase section */

/* Begin PBXGroup section */
		DBD21B581C61632C00901062 = {
			isa = PBXGroup;
			children = (
				DBD21B761C61633E00901062 /* MapKit.framework */,
				DBD21B631C61632C00901062 /* GetOnThatBus */,
				DBD21B621C61632C00901062 /* Products */,
			);
			sourceTree = "<group>";
		};
		DBD21B621C61632C00901062 /* Products */ = {
			isa = PBXGroup;
			children = (
				DBD21B611C61632C00901062 /* GetOnThatBus.app */,
			);
			name = Products;
			sourceTree = "<group>";
		};
		DBD21B631C61632C00901062 /* GetOnThatBus */ = {
			isa = PBXGroup;
			children = (
				DBD21B641C61632C00901062 /* AppDelegate.swift */,
				DBD21B661C61632C00901062 /* ViewController.swift */,
				DBD21B781C616A3300901062 /* BusStop.swift */,
				DBD21B681C61632C00901062 /* Main.storyboard */,
				DBD21B7A1C6250F700901062 /* BusStopTableViewController.swift */,
				DBD21B6B1C61632C00901062 /* Assets.xcassets */,
				DBD21B6D1C61632C00901062 /* LaunchScreen.storyboard */,
				DBD21B701C61632C00901062 /* Info.plist */,
			);
			path = GetOnThatBus;
			sourceTree = "<group>";
		};
/* End PBXGroup section */

/* Begin PBXNativeTarget section */
		DBD21B601C61632C00901062 /* GetOnThatBus */ = {
			isa = PBXNativeTarget;
			buildConfigurationList = DBD21B731C61632C00901062 /* Build configuration list for PBXNativeTarget "GetOnThatBus" */;
			buildPhases = (
				DBD21B5D1C61632C00901062 /* Sources */,
				DBD21B5E1C61632C00901062 /* Frameworks */,
				DBD21B5F1C61632C00901062 /* Resources */,
			);
			buildRules = (
			);
			dependencies = (
			);
			name = GetOnThatBus;
			productName = GetOnThatBus;
			productReference = DBD21B611C61632C00901062 /* GetOnThatBus.app */;
			productType = "com.apple.product-type.application";
		};
/* End PBXNativeTarget section */

/* Begin PBXProject section */
		DBD21B591C61632C00901062 /* Project object */ = {
			isa = PBXProject;
			attributes = {
				LastSwiftUpdateCheck = 0720;
				LastUpgradeCheck = 0720;
				ORGANIZATIONNAME = "Yemi Ajibola";
				TargetAttributes = {
					DBD21B601C61632C00901062 = {
						CreatedOnToolsVersion = 7.2;
						DevelopmentTeam = 767ELXNDQ9;
					};
				};
			};
			buildConfigurationList = DBD21B5C1C61632C00901062 /* Build configuration list for PBXProject "GetOnThatBus" */;
			compatibilityVersion = "Xcode 3.2";
			developmentRegion = English;
			hasScannedForEncodings = 0;
			knownRegions = (
				en,
				Base,
			);
			mainGroup = DBD21B581C61632C00901062;
			productRefGroup = DBD21B621C61632C00901062 /* Products */;
			projectDirPath = "";
			projectRoot = "";
			targets = (
				DBD21B601C61632C00901062 /* GetOnThatBus */,
			);
		};
/* End PBXProject section */

/* Begin PBXResourcesBuildPhase section */
		DBD21B5F1C61632C00901062 /* Resources */ = {
			isa = PBXResourcesBuildPhase;
			buildActionMask = 2147483647;
			files = (
				DBD21B6F1C61632C00901062 /* LaunchScreen.storyboard in Resources */,
				DBD21B6C1C61632C00901062 /* Assets.xcassets in Resources */,
				DBD21B6A1C61632C00901062 /* Main.storyboard in Resources */,
			);
			runOnlyForDeploymentPostprocessing = 0;
		};
/* End PBXResourcesBuildPhase section */

/* Begin PBXSourcesBuildPhase section */
		DBD21B5D1C61632C00901062 /* Sources */ = {
			isa = PBXSourcesBuildPhase;
			buildActionMask = 2147483647;
			files = (
				DBD21B7B1C6250F700901062 /* BusStopTableViewController.swift in Sources */,
				DBD21B791C616A3300901062 /* BusStop.swift in Sources */,
				DBD21B671C61632C00901062 /* ViewController.swift in Sources */,
				DBD21B651C61632C00901062 /* AppDelegate.swift in Sources */,
			);
			runOnlyForDeploymentPostprocessing = 0;
		};
/* End PBXSourcesBuildPhase section */

/* Begin PBXVariantGroup section */
		DBD21B681C61632C00901062 /* Main.storyboard */ = {
			isa = PBXVariantGroup;
			children = (
				DBD21B691C61632C00901062 /* Base */,
			);
			name = Main.storyboard;
			sourceTree = "<group>";
		};
		DBD21B6D1C61632C00901062 /* LaunchScreen.storyboard */ = {
			isa = PBXVariantGroup;
			children = (
				DBD21B6E1C61632C00901062 /* Base */,
			);
			name = LaunchScreen.storyboard;
			sourceTree = "<group>";
		};
/* End PBXVariantGroup section */

/* Begin XCBuildConfiguration section */
		DBD21B711C61632C00901062 /* Debug */ = {
			isa = XCBuildConfiguration;
			buildSettings = {
				ALWAYS_SEARCH_USER_PATHS = NO;
				CLANG_CXX_LANGUAGE_STANDARD = "gnu++0x";
				CLANG_CXX_LIBRARY = "libc++";
				CLANG_ENABLE_MODULES = YES;
				CLANG_ENABLE_OBJC_ARC = YES;
				CLANG_WARN_BOOL_CONVERSION = YES;
				CLANG_WARN_CONSTANT_CONVERSION = YES;
				CLANG_WARN_DIRECT_OBJC_ISA_USAGE = YES_ERROR;
				CLANG_WARN_EMPTY_BODY = YES;
				CLANG_WARN_ENUM_CONVERSION = YES;
				CLANG_WARN_INT_CONVERSION = YES;
				CLANG_WARN_OBJC_ROOT_CLASS = YES_ERROR;
				CLANG_WARN_UNREACHABLE_CODE = YES;
				CLANG_WARN__DUPLICATE_METHOD_MATCH = YES;
				"CODE_SIGN_IDENTITY[sdk=iphoneos*]" = "iPhone Developer";
				COPY_PHASE_STRIP = NO;
				DEBUG_INFORMATION_FORMAT = dwarf;
				ENABLE_STRICT_OBJC_MSGSEND = YES;
				ENABLE_TESTABILITY = YES;
				GCC_C_LANGUAGE_STANDARD = gnu99;
				GCC_DYNAMIC_NO_PIC = NO;
				GCC_NO_COMMON_BLOCKS = YES;
				GCC_OPTIMIZATION_LEVEL = 0;
				GCC_PREPROCESSOR_DEFINITIONS = (
					"DEBUG=1",
					"$(inherited)",
				);
				GCC_WARN_64_TO_32_BIT_CONVERSION = YES;
				GCC_WARN_ABOUT_RETURN_TYPE = YES_ERROR;
				GCC_WARN_UNDECLARED_SELECTOR = YES;
				GCC_WARN_UNINITIALIZED_AUTOS = YES_AGGRESSIVE;
				GCC_WARN_UNUSED_FUNCTION = YES;
				GCC_WARN_UNUSED_VARIABLE = YES;
				IPHONEOS_DEPLOYMENT_TARGET = 9.2;
				MTL_ENABLE_DEBUG_INFO = YES;
				ONLY_ACTIVE_ARCH = YES;
				SDKROOT = iphoneos;
				SWIFT_OPTIMIZATION_LEVEL = "-Onone";
			};
			name = Debug;
		};
		DBD21B721C61632C00901062 /* Release */ = {
			isa = XCBuildConfiguration;
			buildSettings = {
				ALWAYS_SEARCH_USER_PATHS = NO;
				CLANG_CXX_LANGUAGE_STANDARD = "gnu++0x";
				CLANG_CXX_LIBRARY = "libc++";
				CLANG_ENABLE_MODULES = YES;
				CLANG_ENABLE_OBJC_ARC = YES;
				CLANG_WARN_BOOL_CONVERSION = YES;
				CLANG_WARN_CONSTANT_CONVERSION = YES;
				CLANG_WARN_DIRECT_OBJC_ISA_USAGE = YES_ERROR;
				CLANG_WARN_EMPTY_BODY = YES;
				CLANG_WARN_ENUM_CONVERSION = YES;
				CLANG_WARN_INT_CONVERSION = YES;
				CLANG_WARN_OBJC_ROOT_CLASS = YES_ERROR;
				CLANG_WARN_UNREACHABLE_CODE = YES;
				CLANG_WARN__DUPLICATE_METHOD_MATCH = YES;
				"CODE_SIGN_IDENTITY[sdk=iphoneos*]" = "iPhone Developer";
				COPY_PHASE_STRIP = NO;
				DEBUG_INFORMATION_FORMAT = "dwarf-with-dsym";
				ENABLE_NS_ASSERTIONS = NO;
				ENABLE_STRICT_OBJC_MSGSEND = YES;
				GCC_C_LANGUAGE_STANDARD = gnu99;
				GCC_NO_COMMON_BLOCKS = YES;
				GCC_WARN_64_TO_32_BIT_CONVERSION = YES;
				GCC_WARN_ABOUT_RETURN_TYPE = YES_ERROR;
				GCC_WARN_UNDECLARED_SELECTOR = YES;
				GCC_WARN_UNINITIALIZED_AUTOS = YES_AGGRESSIVE;
				GCC_WARN_UNUSED_FUNCTION = YES;
				GCC_WARN_UNUSED_VARIABLE = YES;
				IPHONEOS_DEPLOYMENT_TARGET = 9.2;
				MTL_ENABLE_DEBUG_INFO = NO;
				SDKROOT = iphoneos;
				VALIDATE_PRODUCT = YES;
			};
			name = Release;
		};
		DBD21B741C61632C00901062 /* Debug */ = {
			isa = XCBuildConfiguration;
			buildSettings = {
				ASSETCATALOG_COMPILER_APPICON_NAME = AppIcon;
				INFOPLIST_FILE = GetOnThatBus/Info.plist;
				LD_RUNPATH_SEARCH_PATHS = "$(inherited) @executable_path/Frameworks";
				PRODUCT_BUNDLE_IDENTIFIER = com.YemiAjibola.GetOnThatBus;
				PRODUCT_NAME = "$(TARGET_NAME)";
			};
			name = Debug;
		};
		DBD21B751C61632C00901062 /* Release */ = {
			isa = XCBuildConfiguration;
			buildSettings = {
				ASSETCATALOG_COMPILER_APPICON_NAME = AppIcon;
				INFOPLIST_FILE = GetOnThatBus/Info.plist;
				LD_RUNPATH_SEARCH_PATHS = "$(inherited) @executable_path/Frameworks";
				PRODUCT_BUNDLE_IDENTIFIER = com.YemiAjibola.GetOnThatBus;
				PRODUCT_NAME = "$(TARGET_NAME)";
			};
			name = Release;
		};
/* End XCBuildConfiguration section */

/* Begin XCConfigurationList section */
		DBD21B5C1C61632C00901062 /* Build configuration list for PBXProject "GetOnThatBus" */ = {
			isa = XCConfigurationList;
			buildConfigurations = (
				DBD21B711C61632C00901062 /* Debug */,
				DBD21B721C61632C00901062 /* Release */,
			);
			defaultConfigurationIsVisible = 0;
			defaultConfigurationName = Release;
		};
		DBD21B731C61632C00901062 /* Build configuration list for PBXNativeTarget "GetOnThatBus" */ = {
			isa = XCConfigurationList;
			buildConfigurations = (
				DBD21B741C61632C00901062 /* Debug */,
				DBD21B751C61632C00901062 /* Release */,
			);
			defaultConfigurationIsVisible = 0;
		};
/* End XCConfigurationList section */
	};
	rootObject = DBD21B591C61632C00901062 /* Project object */;
}
